
Microsoft Visual Studio Solution File, Format Version 12.00
# Visual Studio 15
Project("{FAE04EC0-301F-11D3-BF4B-00C04F79EFBC}") = "IEnumerableExample", "GenericCollectionExample\IEnumerableExample.csproj", "{BCC09D8B-BAD8-46B2-BAA9-2FF621D2504E}"
EndProject
Global
	GlobalSection(SolutionConfigurationPlatforms) = preSolution
		Debug|anycpu = Debug|anycpu
		Release|anycpu = Release|anycpu
	EndGlobalSection
	GlobalSection(ProjectConfigurationPlatforms) = postSolution
		{BCC09D8B-BAD8-46B2-BAA9-2FF621D2504E}.Debug|anycpu.ActiveCfg = Debug|anycpu
		{BCC09D8B-BAD8-46B2-BAA9-2FF621D2504E}.Debug|anycpu.Build.0 = Debug|anycpu
		{BCC09D8B-BAD8-46B2-BAA9-2FF621D2504E}.Release|anycpu.ActiveCfg = Release|anycpu
		{BCC09D8B-BAD8-46B2-BAA9-2FF621D2504E}.Release|anycpu.Build.0 = Release|anycpu
	EndGlobalSection
EndGlobal
