
Microsoft Visual Studio Solution File, Format Version 12.00
# Visual Studio Version 16
VisualStudioVersion = 16.0.30611.23
MinimumVisualStudioVersion = 10.0.40219.1
Project("{FAE04EC0-301F-11D3-BF4B-00C04F79EFBC}") = "CustomCollectionExample", "CustomCollectionExample\CustomCollectionExample.csproj", "{304B6103-86C7-4E9A-8B85-AE8D6C0FE460}"
EndProject
Global
	GlobalSection(SolutionConfigurationPlatforms) = preSolution
		Debug|Any CPU = Debug|Any CPU
		Release|Any CPU = Release|Any CPU
	EndGlobalSection
	GlobalSection(ProjectConfigurationPlatforms) = postSolution
		{304B6103-86C7-4E9A-8B85-AE8D6C0FE460}.Debug|Any CPU.ActiveCfg = Debug|Any CPU
		{304B6103-86C7-4E9A-8B85-AE8D6C0FE460}.Debug|Any CPU.Build.0 = Debug|Any CPU
		{304B6103-86C7-4E9A-8B85-AE8D6C0FE460}.Release|Any CPU.ActiveCfg = Release|Any CPU
		{304B6103-86C7-4E9A-8B85-AE8D6C0FE460}.Release|Any CPU.Build.0 = Release|Any CPU
	EndGlobalSection
	GlobalSection(SolutionProperties) = preSolution
		HideSolutionNode = FALSE
	EndGlobalSection
	GlobalSection(ExtensibilityGlobals) = postSolution
		SolutionGuid = {1523ABE8-696E-4768-A28D-56A4CE4B9DDE}
	EndGlobalSection
EndGlobal
