
Microsoft Visual Studio Solution File, Format Version 12.00
# Visual Studio 15
Project("{FAE04EC0-301F-11D3-BF4B-00C04F79EFBC}") = "IteratorExample", "IteratorExample\IteratorExample.csproj", "{FCF26F72-9AF2-49C0-9374-D0BD3F91CDC2}"
EndProject
Global
	GlobalSection(SolutionConfigurationPlatforms) = preSolution
		Debug|anycpu = Debug|anycpu
		Release|anycpu = Release|anycpu
	EndGlobalSection
	GlobalSection(ProjectConfigurationPlatforms) = postSolution
		{FCF26F72-9AF2-49C0-9374-D0BD3F91CDC2}.Debug|anycpu.ActiveCfg = Debug|anycpu
		{FCF26F72-9AF2-49C0-9374-D0BD3F91CDC2}.Debug|anycpu.Build.0 = Debug|anycpu
		{FCF26F72-9AF2-49C0-9374-D0BD3F91CDC2}.Release|anycpu.ActiveCfg = Release|anycpu
		{FCF26F72-9AF2-49C0-9374-D0BD3F91CDC2}.Release|anycpu.Build.0 = Release|anycpu
	EndGlobalSection
EndGlobal
